{
  "name": "package-test",
  "version": "1.0.0",
  "lockfileVersion": 1,
  "requires": true,
  "dependencies": {
    "@ppamkcl/email-validator": {
      "version": "1.0.0",
      "resolved": "https://registry.npmjs.org/@ppamkcl/email-validator/-/email-validator-1.0.0.tgz",
      "integrity": "sha512-FkyS021i3J0sbIbrAEUXjFAhu/4hB6JkZoGQ01SQ1+B03y3YZTpo3XupZT1npp6ZHkCR0xtcYTSIa3xLLh4bfw=="
    }
  }
}
